Microsoft Visual Studio Solution File, Format Version 12.00
# Visual Studio 2012
Project("{FAE04EC0-301F-11D3-BF4B-00C04F79EFBC}") = "SlamJam", "SlamJam\SlamJam.csproj", "{7489E9F5-DF0B-4BB9-800A-A585A2ACE9F4}"
EndProject
Project("{F2A71F9B-5D33-465A-A702-920D77279786}") = "Common", "Common\Common.fsproj", "{C18C9501-5286-48DD-B8A0-E0772DB60586}"
EndProject
Global
	GlobalSection(SolutionConfigurationPlatforms) = preSolution
	Debug|Any CPU = Debug|Any CPU
	ExportDebug|Any CPU = ExportDebug|Any CPU
	ExportRelease|Any CPU = ExportRelease|Any CPU
	EndGlobalSection
	GlobalSection(ProjectConfigurationPlatforms) = postSolution
		{F3A33FCE-EE9C-4758-904B-A084615D6C47}.Debug|Any CPU.ActiveCfg = Debug|Any CPU
		{F3A33FCE-EE9C-4758-904B-A084615D6C47}.Debug|Any CPU.Build.0 = Debug|Any CPU
		{F3A33FCE-EE9C-4758-904B-A084615D6C47}.ExportDebug|Any CPU.ActiveCfg = ExportDebug|Any CPU
		{F3A33FCE-EE9C-4758-904B-A084615D6C47}.ExportDebug|Any CPU.Build.0 = ExportDebug|Any CPU
		{F3A33FCE-EE9C-4758-904B-A084615D6C47}.ExportRelease|Any CPU.ActiveCfg = ExportRelease|Any CPU
		{F3A33FCE-EE9C-4758-904B-A084615D6C47}.ExportRelease|Any CPU.Build.0 = ExportRelease|Any CPU
		{7489E9F5-DF0B-4BB9-800A-A585A2ACE9F4}.Debug|Any CPU.ActiveCfg = Debug|Any CPU
		{7489E9F5-DF0B-4BB9-800A-A585A2ACE9F4}.Debug|Any CPU.Build.0 = Debug|Any CPU
		{7489E9F5-DF0B-4BB9-800A-A585A2ACE9F4}.ExportDebug|Any CPU.ActiveCfg = ExportDebug|Any CPU
		{7489E9F5-DF0B-4BB9-800A-A585A2ACE9F4}.ExportDebug|Any CPU.Build.0 = ExportDebug|Any CPU
		{7489E9F5-DF0B-4BB9-800A-A585A2ACE9F4}.ExportRelease|Any CPU.ActiveCfg = ExportRelease|Any CPU
		{7489E9F5-DF0B-4BB9-800A-A585A2ACE9F4}.ExportRelease|Any CPU.Build.0 = ExportRelease|Any CPU
		{C18C9501-5286-48DD-B8A0-E0772DB60586}.Debug|Any CPU.ActiveCfg = Debug|Any CPU
		{C18C9501-5286-48DD-B8A0-E0772DB60586}.Debug|Any CPU.Build.0 = Debug|Any CPU
		{C18C9501-5286-48DD-B8A0-E0772DB60586}.ExportDebug|Any CPU.ActiveCfg = Debug|Any CPU
		{C18C9501-5286-48DD-B8A0-E0772DB60586}.ExportDebug|Any CPU.Build.0 = Debug|Any CPU
		{C18C9501-5286-48DD-B8A0-E0772DB60586}.ExportRelease|Any CPU.ActiveCfg = Debug|Any CPU
		{C18C9501-5286-48DD-B8A0-E0772DB60586}.ExportRelease|Any CPU.Build.0 = Debug|Any CPU
	EndGlobalSection
EndGlobal
